// !$*UTF8*$!
{
	archiveVersion = 1;
	classes = {
	};
	objectVersion = 46;
	objects = {

/* Begin PBXBuildFile section */
		8A1FA4C71B0F776200FE4DEF /* EXTRuntimeExtensions.m in Sources */ = {isa = PBXBuildFile; fileRef = 8A1FA4811B0F776200FE4DEF /* EXTRuntimeExtensions.m */; };
		8A1FA4C81B0F776200FE4DEF /* EXTScope.m in Sources */ = {isa = PBXBuildFile; fileRef = 8A1FA4831B0F776200FE4DEF /* EXTScope.m */; };
		8A1FA4C91B0F776200FE4DEF /* MTLJSONAdapter.m in Sources */ = {isa = PBXBuildFile; fileRef = 8A1FA4871B0F776200FE4DEF /* MTLJSONAdapter.m */; };
		8A1FA4CA1B0F776200FE4DEF /* MTLModel+NSCoding.m in Sources */ = {isa = PBXBuildFile; fileRef = 8A1FA4891B0F776200FE4DEF /* MTLModel+NSCoding.m */; };
		8A1FA4CB1B0F776200FE4DEF /* MTLModel.m in Sources */ = {isa = PBXBuildFile; fileRef = 8A1FA48B1B0F776200FE4DEF /* MTLModel.m */; };
		8A1FA4CC1B0F776200FE4DEF /* MTLReflection.m in Sources */ = {isa = PBXBuildFile; fileRef = 8A1FA48D1B0F776200FE4DEF /* MTLReflection.m */; };
		8A1FA4CD1B0F776200FE4DEF /* MTLTransformerErrorHandling.m in Sources */ = {isa = PBXBuildFile; fileRef = 8A1FA48F1B0F776200FE4DEF /* MTLTransformerErrorHandling.m */; };
		8A1FA4CE1B0F776200FE4DEF /* MTLValueTransformer.m in Sources */ = {isa = PBXBuildFile; fileRef = 8A1FA4911B0F776200FE4DEF /* MTLValueTransformer.m */; };
		8A1FA4CF1B0F776200FE4DEF /* NSArray+MTLManipulationAdditions.m in Sources */ = {isa = PBXBuildFile; fileRef = 8A1FA4931B0F776200FE4DEF /* NSArray+MTLManipulationAdditions.m */; };
		8A1FA4D01B0F776200FE4DEF /* NSDictionary+MTLJSONKeyPath.m in Sources */ = {isa = PBXBuildFile; fileRef = 8A1FA4951B0F776200FE4DEF /* NSDictionary+MTLJSONKeyPath.m */; };
		8A1FA4D11B0F776200FE4DEF /* NSDictionary+MTLManipulationAdditions.m in Sources */ = {isa = PBXBuildFile; fileRef = 8A1FA4971B0F776200FE4DEF /* NSDictionary+MTLManipulationAdditions.m */; };
		8A1FA4D21B0F776200FE4DEF /* NSDictionary+MTLMappingAdditions.m in Sources */ = {isa = PBXBuildFile; fileRef = 8A1FA4991B0F776200FE4DEF /* NSDictionary+MTLMappingAdditions.m */; };
		8A1FA4D31B0F776200FE4DEF /* NSError+MTLModelException.m in Sources */ = {isa = PBXBuildFile; fileRef = 8A1FA49B1B0F776200FE4DEF /* NSError+MTLModelException.m */; };
		8A1FA4D41B0F776200FE4DEF /* NSObject+MTLComparisonAdditions.m in Sources */ = {isa = PBXBuildFile; fileRef = 8A1FA49D1B0F776200FE4DEF /* NSObject+MTLComparisonAdditions.m */; };
		8A1FA4D51B0F776200FE4DEF /* NSValueTransformer+MTLInversionAdditions.m in Sources */ = {isa = PBXBuildFile; fileRef = 8A1FA49F1B0F776200FE4DEF /* NSValueTransformer+MTLInversionAdditions.m */; };
		8A1FA4D61B0F776200FE4DEF /* NSValueTransformer+MTLPredefinedTransformerAdditions.m in Sources */ = {isa = PBXBuildFile; fileRef = 8A1FA4A11B0F776200FE4DEF /* NSValueTransformer+MTLPredefinedTransformerAdditions.m */; };
		8A1FA4D71B0F776200FE4DEF /* MBProgressHUD.m in Sources */ = {isa = PBXBuildFile; fileRef = 8A1FA4A41B0F776200FE4DEF /* MBProgressHUD.m */; };
		8A1FA4D81B0F776200FE4DEF /* MKAnnotationView+WebCache.m in Sources */ = {isa = PBXBuildFile; fileRef = 8A1FA4A71B0F776200FE4DEF /* MKAnnotationView+WebCache.m */; };
		8A1FA4D91B0F776200FE4DEF /* NSData+ImageContentType.m in Sources */ = {isa = PBXBuildFile; fileRef = 8A1FA4A91B0F776200FE4DEF /* NSData+ImageContentType.m */; };
		8A1FA4DA1B0F776200FE4DEF /* SDImageCache.m in Sources */ = {isa = PBXBuildFile; fileRef = 8A1FA4AB1B0F776200FE4DEF /* SDImageCache.m */; };
		8A1FA4DB1B0F776200FE4DEF /* SDWebImageCompat.m in Sources */ = {isa = PBXBuildFile; fileRef = 8A1FA4AD1B0F776200FE4DEF /* SDWebImageCompat.m */; };
		8A1FA4DC1B0F776200FE4DEF /* SDWebImageDecoder.m in Sources */ = {isa = PBXBuildFile; fileRef = 8A1FA4AF1B0F776200FE4DEF /* SDWebImageDecoder.m */; };
		8A1FA4DD1B0F776200FE4DEF /* SDWebImageDownloader.m in Sources */ = {isa = PBXBuildFile; fileRef = 8A1FA4B11B0F776200FE4DEF /* SDWebImageDownloader.m */; };
		8A1FA4DE1B0F776200FE4DEF /* SDWebImageDownloaderOperation.m in Sources */ = {isa = PBXBuildFile; fileRef = 8A1FA4B31B0F776200FE4DEF /* SDWebImageDownloaderOperation.m */; };
		8A1FA4DF1B0F776200FE4DEF /* SDWebImageManager.m in Sources */ = {isa = PBXBuildFile; fileRef = 8A1FA4B51B0F776200FE4DEF /* SDWebImageManager.m */; };
		8A1FA4E01B0F776200FE4DEF /* SDWebImagePrefetcher.m in Sources */ = {isa = PBXBuildFile; fileRef = 8A1FA4B81B0F776200FE4DEF /* SDWebImagePrefetcher.m */; };
		8A1FA4E11B0F776200FE4DEF /* UIButton+WebCache.m in Sources */ = {isa = PBXBuildFile; fileRef = 8A1FA4BA1B0F776200FE4DEF /* UIButton+WebCache.m */; };
		8A1FA4E21B0F776200FE4DEF /* UIImage+GIF.m in Sources */ = {isa = PBXBuildFile; fileRef = 8A1FA4BC1B0F776200FE4DEF /* UIImage+GIF.m */; };
		8A1FA4E31B0F776200FE4DEF /* UIImage+MultiFormat.m in Sources */ = {isa = PBXBuildFile; fileRef = 8A1FA4BE1B0F776200FE4DEF /* UIImage+MultiFormat.m */; };
		8A1FA4E41B0F776200FE4DEF /* UIImage+WebP.m in Sources */ = {isa = PBXBuildFile; fileRef = 8A1FA4C01B0F776200FE4DEF /* UIImage+WebP.m */; };
		8A1FA4E51B0F776200FE4DEF /* UIImageView+HighlightedWebCache.m in Sources */ = {isa = PBXBuildFile; fileRef = 8A1FA4C21B0F776200FE4DEF /* UIImageView+HighlightedWebCache.m */; };
		8A1FA4E61B0F776200FE4DEF /* UIImageView+WebCache.m in Sources */ = {isa = PBXBuildFile; fileRef = 8A1FA4C41B0F776200FE4DEF /* UIImageView+WebCache.m */; };
		8A1FA4E71B0F776200FE4DEF /* UIView+WebCacheOperation.m in Sources */ = {isa = PBXBuildFile; fileRef = 8A1FA4C61B0F776200FE4DEF /* UIView+WebCacheOperation.m */; };
		8A1FA4ED1B0F78F000FE4DEF /* NSDictionary+JSON.m in Sources */ = {isa = PBXBuildFile; fileRef = 8A1FA4EC1B0F78F000FE4DEF /* NSDictionary+JSON.m */; };
		8A1FA4F01B0F79FE00FE4DEF /* data.json in Resources */ = {isa = PBXBuildFile; fileRef = 8A1FA4EF1B0F79FE00FE4DEF /* data.json */; };
		8A1FA4F31B0F7A5200FE4DEF /* ATAnimal.m in Sources */ = {isa = PBXBuildFile; fileRef = 8A1FA4F21B0F7A5200FE4DEF /* ATAnimal.m */; };
		8A1FA4F71B0F848F00FE4DEF /* ATAnimalListViewController.m in Sources */ = {isa = PBXBuildFile; fileRef = 8A1FA4F61B0F848F00FE4DEF /* ATAnimalListViewController.m */; };
		8A1FA4FC1B0F851F00FE4DEF /* ATAnimalViewCell.m in Sources */ = {isa = PBXBuildFile; fileRef = 8A1FA4FA1B0F851F00FE4DEF /* ATAnimalViewCell.m */; };
		8A1FA4FD1B0F851F00FE4DEF /* ATAnimalViewCell.xib in Resources */ = {isa = PBXBuildFile; fileRef = 8A1FA4FB1B0F851F00FE4DEF /* ATAnimalViewCell.xib */; };
		8A1FA5001B0F8E0400FE4DEF /* ATAnimalDetailViewController.m in Sources */ = {isa = PBXBuildFile; fileRef = 8A1FA4FF1B0F8E0400FE4DEF /* ATAnimalDetailViewController.m */; };
		8A1FA5081B0F92F700FE4DEF /* Bolts.framework in Frameworks */ = {isa = PBXBuildFile; fileRef = 8A1FA5021B0F92F700FE4DEF /* Bolts.framework */; };
		8A1FA5091B0F92F700FE4DEF /* Parse.framework in Frameworks */ = {isa = PBXBuildFile; fileRef = 8A1FA5031B0F92F700FE4DEF /* Parse.framework */; };
		8A1FA50A1B0F92F700FE4DEF /* ParseCrashReporting.framework in Frameworks */ = {isa = PBXBuildFile; fileRef = 8A1FA5041B0F92F700FE4DEF /* ParseCrashReporting.framework */; };
		8A1FA50B1B0F92F700FE4DEF /* ParseFacebookUtils.framework in Frameworks */ = {isa = PBXBuildFile; fileRef = 8A1FA5051B0F92F700FE4DEF /* ParseFacebookUtils.framework */; };
		8A1FA50C1B0F92F700FE4DEF /* ParseFacebookUtilsV4.framework in Frameworks */ = {isa = PBXBuildFile; fileRef = 8A1FA5061B0F92F700FE4DEF /* ParseFacebookUtilsV4.framework */; };
		8A1FA50D1B0F92F700FE4DEF /* ParseUI.framework in Frameworks */ = {isa = PBXBuildFile; fileRef = 8A1FA5071B0F92F700FE4DEF /* ParseUI.framework */; };
		8A1FA50F1B0F930E00FE4DEF /* AudioToolbox.framework in Frameworks */ = {isa = PBXBuildFile; fileRef = 8A1FA50E1B0F930E00FE4DEF /* AudioToolbox.framework */; };
		8A1FA5111B0F931400FE4DEF /* CFNetwork.framework in Frameworks */ = {isa = PBXBuildFile; fileRef = 8A1FA5101B0F931400FE4DEF /* CFNetwork.framework */; };
		8A1FA5131B0F931B00FE4DEF /* CoreGraphics.framework in Frameworks */ = {isa = PBXBuildFile; fileRef = 8A1FA5121B0F931B00FE4DEF /* CoreGraphics.framework */; };
		8A1FA5151B0F932100FE4DEF /* CoreLocation.framework in Frameworks */ = {isa = PBXBuildFile; fileRef = 8A1FA5141B0F932100FE4DEF /* CoreLocation.framework */; };
		8A1FA5171B0F932800FE4DEF /* MobileCoreServices.framework in Frameworks */ = {isa = PBXBuildFile; fileRef = 8A1FA5161B0F932800FE4DEF /* MobileCoreServices.framework */; };
		8A1FA5191B0F932E00FE4DEF /* QuartzCore.framework in Frameworks */ = {isa = PBXBuildFile; fileRef = 8A1FA5181B0F932E00FE4DEF /* QuartzCore.framework */; };
		8A1FA51B1B0F933400FE4DEF /* Security.framework in Frameworks */ = {isa = PBXBuildFile; fileRef = 8A1FA51A1B0F933400FE4DEF /* Security.framework */; };
		8A1FA51D1B0F933E00FE4DEF /* StoreKit.framework in Frameworks */ = {isa = PBXBuildFile; fileRef = 8A1FA51C1B0F933E00FE4DEF /* StoreKit.framework */; };
		8A1FA51F1B0F934900FE4DEF /* SystemConfiguration.framework in Frameworks */ = {isa = PBXBuildFile; fileRef = 8A1FA51E1B0F934900FE4DEF /* SystemConfiguration.framework */; };
		8A1FA5211B0F935000FE4DEF /* libz.dylib in Frameworks */ = {isa = PBXBuildFile; fileRef = 8A1FA5201B0F935000FE4DEF /* libz.dylib */; };
		8A1FA5231B0F935B00FE4DEF /* libsqlite3.dylib in Frameworks */ = {isa = PBXBuildFile; fileRef = 8A1FA5221B0F935B00FE4DEF /* libsqlite3.dylib */; };
		8A1FA5251B0F938200FE4DEF /* Accounts.framework in Frameworks */ = {isa = PBXBuildFile; fileRef = 8A1FA5241B0F938200FE4DEF /* Accounts.framework */; };
		8A1FA5271B0F938E00FE4DEF /* Social.framework in Frameworks */ = {isa = PBXBuildFile; fileRef = 8A1FA5261B0F938E00FE4DEF /* Social.framework */; };
		8A1FA52B1B0F956800FE4DEF /* ATParse.m in Sources */ = {isa = PBXBuildFile; fileRef = 8A1FA52A1B0F956800FE4DEF /* ATParse.m */; };
		8A1FA5321B0F978500FE4DEF /* devConfig.json in Resources */ = {isa = PBXBuildFile; fileRef = 8A1FA5301B0F978500FE4DEF /* devConfig.json */; };
		8A1FA5331B0F978500FE4DEF /* ProConfig.json in Resources */ = {isa = PBXBuildFile; fileRef = 8A1FA5311B0F978500FE4DEF /* ProConfig.json */; };
		8A1FA5361B1006E600FE4DEF /* ATTinderViewController.m in Sources */ = {isa = PBXBuildFile; fileRef = 8A1FA5351B1006E600FE4DEF /* ATTinderViewController.m */; };
		8A1FA5571B10074100FE4DEF /* MDCGeometry.m in Sources */ = {isa = PBXBuildFile; fileRef = 8A1FA53A1B10074100FE4DEF /* MDCGeometry.m */; };
		8A1FA5581B10074100FE4DEF /* MDCViewState.m in Sources */ = {isa = PBXBuildFile; fileRef = 8A1FA53D1B10074100FE4DEF /* MDCViewState.m */; };
		8A1FA5591B10074100FE4DEF /* UIColor+MDCRGB8Bit.m in Sources */ = {isa = PBXBuildFile; fileRef = 8A1FA53F1B10074100FE4DEF /* UIColor+MDCRGB8Bit.m */; };
		8A1FA55A1B10074100FE4DEF /* UIView+MDCBorderedLabel.m in Sources */ = {isa = PBXBuildFile; fileRef = 8A1FA5421B10074100FE4DEF /* UIView+MDCBorderedLabel.m */; };
		8A1FA55B1B10074100FE4DEF /* MDCSwipeOptions.m in Sources */ = {isa = PBXBuildFile; fileRef = 8A1FA5481B10074100FE4DEF /* MDCSwipeOptions.m */; };
		8A1FA55C1B10074100FE4DEF /* MDCSwipeToChooseViewOptions.m in Sources */ = {isa = PBXBuildFile; fileRef = 8A1FA54A1B10074100FE4DEF /* MDCSwipeToChooseViewOptions.m */; };
		8A1FA55D1B10074100FE4DEF /* MDCPanState.m in Sources */ = {isa = PBXBuildFile; fileRef = 8A1FA54D1B10074100FE4DEF /* MDCPanState.m */; };
		8A1FA55E1B10074100FE4DEF /* MDCSwipeResult.m in Sources */ = {isa = PBXBuildFile; fileRef = 8A1FA5501B10074100FE4DEF /* MDCSwipeResult.m */; };
		8A1FA55F1B10074100FE4DEF /* MDCSwipeToChooseView.m in Sources */ = {isa = PBXBuildFile; fileRef = 8A1FA5541B10074100FE4DEF /* MDCSwipeToChooseView.m */; };
		8A1FA5601B10074100FE4DEF /* UIView+MDCSwipeToChoose.m in Sources */ = {isa = PBXBuildFile; fileRef = 8A1FA5561B10074100FE4DEF /* UIView+MDCSwipeToChoose.m */; };
		8A1FA5621B10082300FE4DEF /* ATTinderViewController.xib in Resources */ = {isa = PBXBuildFile; fileRef = 8A1FA5611B10082300FE4DEF /* ATTinderViewController.xib */; };
		8AB29E781B0F666D0033FC2F /* main.m in Sources */ = {isa = PBXBuildFile; fileRef = 8AB29E771B0F666D0033FC2F /* main.m */; };
		8AB29E7B1B0F666D0033FC2F /* AppDelegate.m in Sources */ = {isa = PBXBuildFile; fileRef = 8AB29E7A1B0F666D0033FC2F /* AppDelegate.m */; };
		8AB29E811B0F666D0033FC2F /* Main.storyboard in Resources */ = {isa = PBXBuildFile; fileRef = 8AB29E7F1B0F666D0033FC2F /* Main.storyboard */; };
		8AB29E831B0F666D0033FC2F /* Images.xcassets in Resources */ = {isa = PBXBuildFile; fileRef = 8AB29E821B0F666D0033FC2F /* Images.xcassets */; };
		8AB29E861B0F666D0033FC2F /* LaunchScreen.xib in Resources */ = {isa = PBXBuildFile; fileRef = 8AB29E841B0F666D0033FC2F /* LaunchScreen.xib */; };
		8AB29E921B0F666D0033FC2F /* AdoptTaipeiTests.m in Sources */ = {isa = PBXBuildFile; fileRef = 8AB29E911B0F666D0033FC2F /* AdoptTaipeiTests.m */; };
/* End PBXBuildFile section */

/* Begin PBXContainerItemProxy section */
		8AB29E8C1B0F666D0033FC2F /* PBXContainerItemProxy */ = {
			isa = PBXContainerItemProxy;
			containerPortal = 8AB29E6A1B0F666D0033FC2F /* Project object */;
			proxyType = 1;
			remoteGlobalIDString = 8AB29E711B0F666D0033FC2F;
			remoteInfo = AdoptTaipei;
		};
/* End PBXContainerItemProxy section */

/* Begin PBXFileReference section */
		8A1FA47F1B0F776200FE4DEF /* EXTKeyPathCoding.h */ = {isa = PBXFileReference; fileEncoding = 4; lastKnownFileType = sourcecode.c.h; path = EXTKeyPathCoding.h; sourceTree = "<group>"; };
		8A1FA4801B0F776200FE4DEF /* EXTRuntimeExtensions.h */ = {isa = PBXFileReference; fileEncoding = 4; lastKnownFileType = sourcecode.c.h; path = EXTRuntimeExtensions.h; sourceTree = "<group>"; };
		8A1FA4811B0F776200FE4DEF /* EXTRuntimeExtensions.m */ = {isa = PBXFileReference; fileEncoding = 4; lastKnownFileType = sourcecode.c.objc; path = EXTRuntimeExtensions.m; sourceTree = "<group>"; };
		8A1FA4821B0F776200FE4DEF /* EXTScope.h */ = {isa = PBXFileReference; fileEncoding = 4; lastKnownFileType = sourcecode.c.h; path = EXTScope.h; sourceTree = "<group>"; };
		8A1FA4831B0F776200FE4DEF /* EXTScope.m */ = {isa = PBXFileReference; fileEncoding = 4; lastKnownFileType = sourcecode.c.objc; path = EXTScope.m; sourceTree = "<group>"; };
		8A1FA4841B0F776200FE4DEF /* metamacros.h */ = {isa = PBXFileReference; fileEncoding = 4; lastKnownFileType = sourcecode.c.h; path = metamacros.h; sourceTree = "<group>"; };
		8A1FA4851B0F776200FE4DEF /* Mantle.h */ = {isa = PBXFileReference; fileEncoding = 4; lastKnownFileType = sourcecode.c.h; path = Mantle.h; sourceTree = "<group>"; };
		8A1FA4861B0F776200FE4DEF /* MTLJSONAdapter.h */ = {isa = PBXFileReference; fileEncoding = 4; lastKnownFileType = sourcecode.c.h; path = MTLJSONAdapter.h; sourceTree = "<group>"; };
		8A1FA4871B0F776200FE4DEF /* MTLJSONAdapter.m */ = {isa = PBXFileReference; fileEncoding = 4; lastKnownFileType = sourcecode.c.objc; path = MTLJSONAdapter.m; sourceTree = "<group>"; };
		8A1FA4881B0F776200FE4DEF /* MTLModel+NSCoding.h */ = {isa = PBXFileReference; fileEncoding = 4; lastKnownFileType = sourcecode.c.h; path = "MTLModel+NSCoding.h"; sourceTree = "<group>"; };
		8A1FA4891B0F776200FE4DEF /* MTLModel+NSCoding.m */ = {isa = PBXFileReference; fileEncoding = 4; lastKnownFileType = sourcecode.c.objc; path = "MTLModel+NSCoding.m"; sourceTree = "<group>"; };
		8A1FA48A1B0F776200FE4DEF /* MTLModel.h */ = {isa = PBXFileReference; fileEncoding = 4; lastKnownFileType = sourcecode.c.h; path = MTLModel.h; sourceTree = "<group>"; };
		8A1FA48B1B0F776200FE4DEF /* MTLModel.m */ = {isa = PBXFileReference; fileEncoding = 4; lastKnownFileType = sourcecode.c.objc; path = MTLModel.m; sourceTree = "<group>"; };
		8A1FA48C1B0F776200FE4DEF /* MTLReflection.h */ = {isa = PBXFileReference; fileEncoding = 4; lastKnownFileType = sourcecode.c.h; path = MTLReflection.h; sourceTree = "<group>"; };
		8A1FA48D1B0F776200FE4DEF /* MTLReflection.m */ = {isa = PBXFileReference; fileEncoding = 4; lastKnownFileType = sourcecode.c.objc; path = MTLReflection.m; sourceTree = "<group>"; };
		8A1FA48E1B0F776200FE4DEF /* MTLTransformerErrorHandling.h */ = {isa = PBXFileReference; fileEncoding = 4; lastKnownFileType = sourcecode.c.h; path = MTLTransformerErrorHandling.h; sourceTree = "<group>"; };
		8A1FA48F1B0F776200FE4DEF /* MTLTransformerErrorHandling.m */ = {isa = PBXFileReference; fileEncoding = 4; lastKnownFileType = sourcecode.c.objc; path = MTLTransformerErrorHandling.m; sourceTree = "<group>"; };
		8A1FA4901B0F776200FE4DEF /* MTLValueTransformer.h */ = {isa = PBXFileReference; fileEncoding = 4; lastKnownFileType = sourcecode.c.h; path = MTLValueTransformer.h; sourceTree = "<group>"; };
		8A1FA4911B0F776200FE4DEF /* MTLValueTransformer.m */ = {isa = PBXFileReference; fileEncoding = 4; lastKnownFileType = sourcecode.c.objc; path = MTLValueTransformer.m; sourceTree = "<group>"; };
		8A1FA4921B0F776200FE4DEF /* NSArray+MTLManipulationAdditions.h */ = {isa = PBXFileReference; fileEncoding = 4; lastKnownFileType = sourcecode.c.h; path = "NSArray+MTLManipulationAdditions.h"; sourceTree = "<group>"; };
		8A1FA4931B0F776200FE4DEF /* NSArray+MTLManipulationAdditions.m */ = {isa = PBXFileReference; fileEncoding = 4; lastKnownFileType = sourcecode.c.objc; path = "NSArray+MTLManipulationAdditions.m"; sourceTree = "<group>"; };
		8A1FA4941B0F776200FE4DEF /* NSDictionary+MTLJSONKeyPath.h */ = {isa = PBXFileReference; fileEncoding = 4; lastKnownFileType = sourcecode.c.h; path = "NSDictionary+MTLJSONKeyPath.h"; sourceTree = "<group>"; };
		8A1FA4951B0F776200FE4DEF /* NSDictionary+MTLJSONKeyPath.m */ = {isa = PBXFileReference; fileEncoding = 4; lastKnownFileType = sourcecode.c.objc; path = "NSDictionary+MTLJSONKeyPath.m"; sourceTree = "<group>"; };
		8A1FA4961B0F776200FE4DEF /* NSDictionary+MTLManipulationAdditions.h */ = {isa = PBXFileReference; fileEncoding = 4; lastKnownFileType = sourcecode.c.h; path = "NSDictionary+MTLManipulationAdditions.h"; sourceTree = "<group>"; };
		8A1FA4971B0F776200FE4DEF /* NSDictionary+MTLManipulationAdditions.m */ = {isa = PBXFileReference; fileEncoding = 4; lastKnownFileType = sourcecode.c.objc; path = "NSDictionary+MTLManipulationAdditions.m"; sourceTree = "<group>"; };
		8A1FA4981B0F776200FE4DEF /* NSDictionary+MTLMappingAdditions.h */ = {isa = PBXFileReference; fileEncoding = 4; lastKnownFileType = sourcecode.c.h; path = "NSDictionary+MTLMappingAdditions.h"; sourceTree = "<group>"; };
		8A1FA4991B0F776200FE4DEF /* NSDictionary+MTLMappingAdditions.m */ = {isa = PBXFileReference; fileEncoding = 4; lastKnownFileType = sourcecode.c.objc; path = "NSDictionary+MTLMappingAdditions.m"; sourceTree = "<group>"; };
		8A1FA49A1B0F776200FE4DEF /* NSError+MTLModelException.h */ = {isa = PBXFileReference; fileEncoding = 4; lastKnownFileType = sourcecode.c.h; path = "NSError+MTLModelException.h"; sourceTree = "<group>"; };
		8A1FA49B1B0F776200FE4DEF /* NSError+MTLModelException.m */ = {isa = PBXFileReference; fileEncoding = 4; lastKnownFileType = sourcecode.c.objc; path = "NSError+MTLModelException.m"; sourceTree = "<group>"; };
		8A1FA49C1B0F776200FE4DEF /* NSObject+MTLComparisonAdditions.h */ = {isa = PBXFileReference; fileEncoding = 4; lastKnownFileType = sourcecode.c.h; path = "NSObject+MTLComparisonAdditions.h"; sourceTree = "<group>"; };
		8A1FA49D1B0F776200FE4DEF /* NSObject+MTLComparisonAdditions.m */ = {isa = PBXFileReference; fileEncoding = 4; lastKnownFileType = sourcecode.c.objc; path = "NSObject+MTLComparisonAdditions.m"; sourceTree = "<group>"; };
		8A1FA49E1B0F776200FE4DEF /* NSValueTransformer+MTLInversionAdditions.h */ = {isa = PBXFileReference; fileEncoding = 4; lastKnownFileType = sourcecode.c.h; path = "NSValueTransformer+MTLInversionAdditions.h"; sourceTree = "<group>"; };
		8A1FA49F1B0F776200FE4DEF /* NSValueTransformer+MTLInversionAdditions.m */ = {isa = PBXFileReference; fileEncoding = 4; lastKnownFileType = sourcecode.c.objc; path = "NSValueTransformer+MTLInversionAdditions.m"; sourceTree = "<group>"; };
		8A1FA4A01B0F776200FE4DEF /* NSValueTransformer+MTLPredefinedTransformerAdditions.h */ = {isa = PBXFileReference; fileEncoding = 4; lastKnownFileType = sourcecode.c.h; path = "NSValueTransformer+MTLPredefinedTransformerAdditions.h"; sourceTree = "<group>"; };
		8A1FA4A11B0F776200FE4DEF /* NSValueTransformer+MTLPredefinedTransformerAdditions.m */ = {isa = PBXFileReference; fileEncoding = 4; lastKnownFileType = sourcecode.c.objc; path = "NSValueTransformer+MTLPredefinedTransformerAdditions.m"; sourceTree = "<group>"; };
		8A1FA4A31B0F776200FE4DEF /* MBProgressHUD.h */ = {isa = PBXFileReference; fileEncoding = 4; lastKnownFileType = sourcecode.c.h; path = MBProgressHUD.h; sourceTree = "<group>"; };
		8A1FA4A41B0F776200FE4DEF /* MBProgressHUD.m */ = {isa = PBXFileReference; fileEncoding = 4; lastKnownFileType = sourcecode.c.objc; path = MBProgressHUD.m; sourceTree = "<group>"; };
		8A1FA4A61B0F776200FE4DEF /* MKAnnotationView+WebCache.h */ = {isa = PBXFileReference; fileEncoding = 4; lastKnownFileType = sourcecode.c.h; path = "MKAnnotationView+WebCache.h"; sourceTree = "<group>"; };
		8A1FA4A71B0F776200FE4DEF /* MKAnnotationView+WebCache.m */ = {isa = PBXFileReference; fileEncoding = 4; lastKnownFileType = sourcecode.c.objc; path = "MKAnnotationView+WebCache.m"; sourceTree = "<group>"; };
		8A1FA4A81B0F776200FE4DEF /* NSData+ImageContentType.h */ = {isa = PBXFileReference; fileEncoding = 4; lastKnownFileType = sourcecode.c.h; path = "NSData+ImageContentType.h"; sourceTree = "<group>"; };
		8A1FA4A91B0F776200FE4DEF /* NSData+ImageContentType.m */ = {isa = PBXFileReference; fileEncoding = 4; lastKnownFileType = sourcecode.c.objc; path = "NSData+ImageContentType.m"; sourceTree = "<group>"; };
		8A1FA4AA1B0F776200FE4DEF /* SDImageCache.h */ = {isa = PBXFileReference; fileEncoding = 4; lastKnownFileType = sourcecode.c.h; path = SDImageCache.h; sourceTree = "<group>"; };
		8A1FA4AB1B0F776200FE4DEF /* SDImageCache.m */ = {isa = PBXFileReference; fileEncoding = 4; lastKnownFileType = sourcecode.c.objc; path = SDImageCache.m; sourceTree = "<group>"; };
		8A1FA4AC1B0F776200FE4DEF /* SDWebImageCompat.h */ = {isa = PBXFileReference; fileEncoding = 4; lastKnownFileType = sourcecode.c.h; path = SDWebImageCompat.h; sourceTree = "<group>"; };
		8A1FA4AD1B0F776200FE4DEF /* SDWebImageCompat.m */ = {isa = PBXFileReference; fileEncoding = 4; lastKnownFileType = sourcecode.c.objc; path = SDWebImageCompat.m; sourceTree = "<group>"; };
		8A1FA4AE1B0F776200FE4DEF /* SDWebImageDecoder.h */ = {isa = PBXFileReference; fileEncoding = 4; lastKnownFileType = sourcecode.c.h; path = SDWebImageDecoder.h; sourceTree = "<group>"; };
		8A1FA4AF1B0F776200FE4DEF /* SDWebImageDecoder.m */ = {isa = PBXFileReference; fileEncoding = 4; lastKnownFileType = sourcecode.c.objc; path = SDWebImageDecoder.m; sourceTree = "<group>"; };
		8A1FA4B01B0F776200FE4DEF /* SDWebImageDownloader.h */ = {isa = PBXFileReference; fileEncoding = 4; lastKnownFileType = sourcecode.c.h; path = SDWebImageDownloader.h; sourceTree = "<group>"; };
		8A1FA4B11B0F776200FE4DEF /* SDWebImageDownloader.m */ = {isa = PBXFileReference; fileEncoding = 4; lastKnownFileType = sourcecode.c.objc; path = SDWebImageDownloader.m; sourceTree = "<group>"; };
		8A1FA4B21B0F776200FE4DEF /* SDWebImageDownloaderOperation.h */ = {isa = PBXFileReference; fileEncoding = 4; lastKnownFileType = sourcecode.c.h; path = SDWebImageDownloaderOperation.h; sourceTree = "<group>"; };
		8A1FA4B31B0F776200FE4DEF /* SDWebImageDownloaderOperation.m */ = {isa = PBXFileReference; fileEncoding = 4; lastKnownFileType = sourcecode.c.objc; path = SDWebImageDownloaderOperation.m; sourceTree = "<group>"; };
		8A1FA4B41B0F776200FE4DEF /* SDWebImageManager.h */ = {isa = PBXFileReference; fileEncoding = 4; lastKnownFileType = sourcecode.c.h; path = SDWebImageManager.h; sourceTree = "<group>"; };
		8A1FA4B51B0F776200FE4DEF /* SDWebImageManager.m */ = {isa = PBXFileReference; fileEncoding = 4; lastKnownFileType = sourcecode.c.objc; path = SDWebImageManager.m; sourceTree = "<group>"; };
		8A1FA4B61B0F776200FE4DEF /* SDWebImageOperation.h */ = {isa = PBXFileReference; fileEncoding = 4; lastKnownFileType = sourcecode.c.h; path = SDWebImageOperation.h; sourceTree = "<group>"; };
		8A1FA4B71B0F776200FE4DEF /* SDWebImagePrefetcher.h */ = {isa = PBXFileReference; fileEncoding = 4; lastKnownFileType = sourcecode.c.h; path = SDWebImagePrefetcher.h; sourceTree = "<group>"; };
		8A1FA4B81B0F776200FE4DEF /* SDWebImagePrefetcher.m */ = {isa = PBXFileReference; fileEncoding = 4; lastKnownFileType = sourcecode.c.objc; path = SDWebImagePrefetcher.m; sourceTree = "<group>"; };
		8A1FA4B91B0F776200FE4DEF /* UIButton+WebCache.h */ = {isa = PBXFileReference; fileEncoding = 4; lastKnownFileType = sourcecode.c.h; path = "UIButton+WebCache.h"; sourceTree = "<group>"; };
		8A1FA4BA1B0F776200FE4DEF /* UIButton+WebCache.m */ = {isa = PBXFileReference; fileEncoding = 4; lastKnownFileType = sourcecode.c.objc; path = "UIButton+WebCache.m"; sourceTree = "<group>"; };
		8A1FA4BB1B0F776200FE4DEF /* UIImage+GIF.h */ = {isa = PBXFileReference; fileEncoding = 4; lastKnownFileType = sourcecode.c.h; path = "UIImage+GIF.h"; sourceTree = "<group>"; };
		8A1FA4BC1B0F776200FE4DEF /* UIImage+GIF.m */ = {isa = PBXFileReference; fileEncoding = 4; lastKnownFileType = sourcecode.c.objc; path = "UIImage+GIF.m"; sourceTree = "<group>"; };
		8A1FA4BD1B0F776200FE4DEF /* UIImage+MultiFormat.h */ = {isa = PBXFileReference; fileEncoding = 4; lastKnownFileType = sourcecode.c.h; path = "UIImage+MultiFormat.h"; sourceTree = "<group>"; };
		8A1FA4BE1B0F776200FE4DEF /* UIImage+MultiFormat.m */ = {isa = PBXFileReference; fileEncoding = 4; lastKnownFileType = sourcecode.c.objc; path = "UIImage+MultiFormat.m"; sourceTree = "<group>"; };
		8A1FA4BF1B0F776200FE4DEF /* UIImage+WebP.h */ = {isa = PBXFileReference; fileEncoding = 4; lastKnownFileType = sourcecode.c.h; path = "UIImage+WebP.h"; sourceTree = "<group>"; };
		8A1FA4C01B0F776200FE4DEF /* UIImage+WebP.m */ = {isa = PBXFileReference; fileEncoding = 4; lastKnownFileType = sourcecode.c.objc; path = "UIImage+WebP.m"; sourceTree = "<group>"; };
		8A1FA4C11B0F776200FE4DEF /* UIImageView+HighlightedWebCache.h */ = {isa = PBXFileReference; fileEncoding = 4; lastKnownFileType = sourcecode.c.h; path = "UIImageView+HighlightedWebCache.h"; sourceTree = "<group>"; };
		8A1FA4C21B0F776200FE4DEF /* UIImageView+HighlightedWebCache.m */ = {isa = PBXFileReference; fileEncoding = 4; lastKnownFileType = sourcecode.c.objc; path = "UIImageView+HighlightedWebCache.m"; sourceTree = "<group>"; };
		8A1FA4C31B0F776200FE4DEF /* UIImageView+WebCache.h */ = {isa = PBXFileReference; fileEncoding = 4; lastKnownFileType = sourcecode.c.h; path = "UIImageView+WebCache.h"; sourceTree = "<group>"; };
		8A1FA4C41B0F776200FE4DEF /* UIImageView+WebCache.m */ = {isa = PBXFileReference; fileEncoding = 4; lastKnownFileType = sourcecode.c.objc; path = "UIImageView+WebCache.m"; sourceTree = "<group>"; };
		8A1FA4C51B0F776200FE4DEF /* UIView+WebCacheOperation.h */ = {isa = PBXFileReference; fileEncoding = 4; lastKnownFileType = sourcecode.c.h; path = "UIView+WebCacheOperation.h"; sourceTree = "<group>"; };
		8A1FA4C61B0F776200FE4DEF /* UIView+WebCacheOperation.m */ = {isa = PBXFileReference; fileEncoding = 4; lastKnownFileType = sourcecode.c.objc; path = "UIView+WebCacheOperation.m"; sourceTree = "<group>"; };
		8A1FA4E81B0F77A100FE4DEF /* AdoptTaipei-Prefix.pch */ = {isa = PBXFileReference; lastKnownFileType = sourcecode.c.h; path = "AdoptTaipei-Prefix.pch"; sourceTree = "<group>"; };
		8A1FA4EB1B0F78F000FE4DEF /* NSDictionary+JSON.h */ = {isa = PBXFileReference; fileEncoding = 4; lastKnownFileType = sourcecode.c.h; path = "NSDictionary+JSON.h"; sourceTree = "<group>"; };
		8A1FA4EC1B0F78F000FE4DEF /* NSDictionary+JSON.m */ = {isa = PBXFileReference; fileEncoding = 4; lastKnownFileType = sourcecode.c.objc; path = "NSDictionary+JSON.m"; sourceTree = "<group>"; };
		8A1FA4EF1B0F79FE00FE4DEF /* data.json */ = {isa = PBXFileReference; fileEncoding = 4; lastKnownFileType = text.json; path = data.json; sourceTree = "<group>"; };
		8A1FA4F11B0F7A5200FE4DEF /* ATAnimal.h */ = {isa = PBXFileReference; fileEncoding = 4; lastKnownFileType = sourcecode.c.h; path = ATAnimal.h; sourceTree = "<group>"; };
		8A1FA4F21B0F7A5200FE4DEF /* ATAnimal.m */ = {isa = PBXFileReference; fileEncoding = 4; lastKnownFileType = sourcecode.c.objc; path = ATAnimal.m; sourceTree = "<group>"; };
		8A1FA4F51B0F848F00FE4DEF /* ATAnimalListViewController.h */ = {isa = PBXFileReference; fileEncoding = 4; lastKnownFileType = sourcecode.c.h; path = ATAnimalListViewController.h; sourceTree = "<group>"; };
		8A1FA4F61B0F848F00FE4DEF /* ATAnimalListViewController.m */ = {isa = PBXFileReference; fileEncoding = 4; lastKnownFileType = sourcecode.c.objc; path = ATAnimalListViewController.m; sourceTree = "<group>"; };
		8A1FA4F91B0F851F00FE4DEF /* ATAnimalViewCell.h */ = {isa = PBXFileReference; fileEncoding = 4; lastKnownFileType = sourcecode.c.h; path = ATAnimalViewCell.h; sourceTree = "<group>"; };
		8A1FA4FA1B0F851F00FE4DEF /* ATAnimalViewCell.m */ = {isa = PBXFileReference; fileEncoding = 4; lastKnownFileType = sourcecode.c.objc; path = ATAnimalViewCell.m; sourceTree = "<group>"; };
		8A1FA4FB1B0F851F00FE4DEF /* ATAnimalViewCell.xib */ = {isa = PBXFileReference; fileEncoding = 4; lastKnownFileType = file.xib; path = ATAnimalViewCell.xib; sourceTree = "<group>"; };
		8A1FA4FE1B0F8E0400FE4DEF /* ATAnimalDetailViewController.h */ = {isa = PBXFileReference; fileEncoding = 4; lastKnownFileType = sourcecode.c.h; path = ATAnimalDetailViewController.h; sourceTree = "<group>"; };
		8A1FA4FF1B0F8E0400FE4DEF /* ATAnimalDetailViewController.m */ = {isa = PBXFileReference; fileEncoding = 4; lastKnownFileType = sourcecode.c.objc; path = ATAnimalDetailViewController.m; sourceTree = "<group>"; };
		8A1FA5021B0F92F700FE4DEF /* Bolts.framework */ = {isa = PBXFileReference; lastKnownFileType = wrapper.framework; path = Bolts.framework; sourceTree = "<group>"; };
		8A1FA5031B0F92F700FE4DEF /* Parse.framework */ = {isa = PBXFileReference; lastKnownFileType = wrapper.framework; path = Parse.framework; sourceTree = "<group>"; };
		8A1FA5041B0F92F700FE4DEF /* ParseCrashReporting.framework */ = {isa = PBXFileReference; lastKnownFileType = wrapper.framework; path = ParseCrashReporting.framework; sourceTree = "<group>"; };
		8A1FA5051B0F92F700FE4DEF /* ParseFacebookUtils.framework */ = {isa = PBXFileReference; lastKnownFileType = wrapper.framework; path = ParseFacebookUtils.framework; sourceTree = "<group>"; };
		8A1FA5061B0F92F700FE4DEF /* ParseFacebookUtilsV4.framework */ = {isa = PBXFileReference; lastKnownFileType = wrapper.framework; path = ParseFacebookUtilsV4.framework; sourceTree = "<group>"; };
		8A1FA5071B0F92F700FE4DEF /* ParseUI.framework */ = {isa = PBXFileReference; lastKnownFileType = wrapper.framework; path = ParseUI.framework; sourceTree = "<group>"; };
		8A1FA50E1B0F930E00FE4DEF /* AudioToolbox.framework */ = {isa = PBXFileReference; lastKnownFileType = wrapper.framework; name = AudioToolbox.framework; path = System/Library/Frameworks/AudioToolbox.framework; sourceTree = SDKROOT; };
		8A1FA5101B0F931400FE4DEF /* CFNetwork.framework */ = {isa = PBXFileReference; lastKnownFileType = wrapper.framework; name = CFNetwork.framework; path = System/Library/Frameworks/CFNetwork.framework; sourceTree = SDKROOT; };
		8A1FA5121B0F931B00FE4DEF /* CoreGraphics.framework */ = {isa = PBXFileReference; lastKnownFileType = wrapper.framework; name = CoreGraphics.framework; path = System/Library/Frameworks/CoreGraphics.framework; sourceTree = SDKROOT; };
		8A1FA5141B0F932100FE4DEF /* CoreLocation.framework */ = {isa = PBXFileReference; lastKnownFileType = wrapper.framework; name = CoreLocation.framework; path = System/Library/Frameworks/CoreLocation.framework; sourceTree = SDKROOT; };
		8A1FA5161B0F932800FE4DEF /* MobileCoreServices.framework */ = {isa = PBXFileReference; lastKnownFileType = wrapper.framework; name = MobileCoreServices.framework; path = System/Library/Frameworks/MobileCoreServices.framework; sourceTree = SDKROOT; };
		8A1FA5181B0F932E00FE4DEF /* QuartzCore.framework */ = {isa = PBXFileReference; lastKnownFileType = wrapper.framework; name = QuartzCore.framework; path = System/Library/Frameworks/QuartzCore.framework; sourceTree = SDKROOT; };
		8A1FA51A1B0F933400FE4DEF /* Security.framework */ = {isa = PBXFileReference; lastKnownFileType = wrapper.framework; name = Security.framework; path = System/Library/Frameworks/Security.framework; sourceTree = SDKROOT; };
		8A1FA51C1B0F933E00FE4DEF /* StoreKit.framework */ = {isa = PBXFileReference; lastKnownFileType = wrapper.framework; name = StoreKit.framework; path = System/Library/Frameworks/StoreKit.framework; sourceTree = SDKROOT; };
		8A1FA51E1B0F934900FE4DEF /* SystemConfiguration.framework */ = {isa = PBXFileReference; lastKnownFileType = wrapper.framework; name = SystemConfiguration.framework; path = System/Library/Frameworks/SystemConfiguration.framework; sourceTree = SDKROOT; };
		8A1FA5201B0F935000FE4DEF /* libz.dylib */ = {isa = PBXFileReference; lastKnownFileType = "compiled.mach-o.dylib"; name = libz.dylib; path = usr/lib/libz.dylib; sourceTree = SDKROOT; };
		8A1FA5221B0F935B00FE4DEF /* libsqlite3.dylib */ = {isa = PBXFileReference; lastKnownFileType = "compiled.mach-o.dylib"; name = libsqlite3.dylib; path = usr/lib/libsqlite3.dylib; sourceTree = SDKROOT; };
		8A1FA5241B0F938200FE4DEF /* Accounts.framework */ = {isa = PBXFileReference; lastKnownFileType = wrapper.framework; name = Accounts.framework; path = System/Library/Frameworks/Accounts.framework; sourceTree = SDKROOT; };
		8A1FA5261B0F938E00FE4DEF /* Social.framework */ = {isa = PBXFileReference; lastKnownFileType = wrapper.framework; name = Social.framework; path = System/Library/Frameworks/Social.framework; sourceTree = SDKROOT; };
		8A1FA5291B0F956800FE4DEF /* ATParse.h */ = {isa = PBXFileReference; fileEncoding = 4; lastKnownFileType = sourcecode.c.h; path = ATParse.h; sourceTree = "<group>"; };
		8A1FA52A1B0F956800FE4DEF /* ATParse.m */ = {isa = PBXFileReference; fileEncoding = 4; lastKnownFileType = sourcecode.c.objc; path = ATParse.m; sourceTree = "<group>"; };
		8A1FA5301B0F978500FE4DEF /* devConfig.json */ = {isa = PBXFileReference; fileEncoding = 4; lastKnownFileType = text.json; path = devConfig.json; sourceTree = SOURCE_ROOT; };
		8A1FA5311B0F978500FE4DEF /* ProConfig.json */ = {isa = PBXFileReference; fileEncoding = 4; lastKnownFileType = text.json; path = ProConfig.json; sourceTree = SOURCE_ROOT; };
		8A1FA5341B1006E600FE4DEF /* ATTinderViewController.h */ = {isa = PBXFileReference; fileEncoding = 4; lastKnownFileType = sourcecode.c.h; path = ATTinderViewController.h; sourceTree = "<group>"; };
		8A1FA5351B1006E600FE4DEF /* ATTinderViewController.m */ = {isa = PBXFileReference; fileEncoding = 4; lastKnownFileType = sourcecode.c.objc; path = ATTinderViewController.m; sourceTree = "<group>"; };
		8A1FA5391B10074100FE4DEF /* MDCGeometry.h */ = {isa = PBXFileReference; fileEncoding = 4; lastKnownFileType = sourcecode.c.h; path = MDCGeometry.h; sourceTree = "<group>"; };
		8A1FA53A1B10074100FE4DEF /* MDCGeometry.m */ = {isa = PBXFileReference; fileEncoding = 4; lastKnownFileType = sourcecode.c.objc; path = MDCGeometry.m; sourceTree = "<group>"; };
		8A1FA53C1B10074100FE4DEF /* MDCViewState.h */ = {isa = PBXFileReference; fileEncoding = 4; lastKnownFileType = sourcecode.c.h; path = MDCViewState.h; sourceTree = "<group>"; };
		8A1FA53D1B10074100FE4DEF /* MDCViewState.m */ = {isa = PBXFileReference; fileEncoding = 4; lastKnownFileType = sourcecode.c.objc; path = MDCViewState.m; sourceTree = "<group>"; };
		8A1FA53E1B10074100FE4DEF /* UIColor+MDCRGB8Bit.h */ = {isa = PBXFileReference; fileEncoding = 4; lastKnownFileType = sourcecode.c.h; path = "UIColor+MDCRGB8Bit.h"; sourceTree = "<group>"; };
		8A1FA53F1B10074100FE4DEF /* UIColor+MDCRGB8Bit.m */ = {isa = PBXFileReference; fileEncoding = 4; lastKnownFileType = sourcecode.c.objc; path = "UIColor+MDCRGB8Bit.m"; sourceTree = "<group>"; };
		8A1FA5411B10074100FE4DEF /* UIView+MDCBorderedLabel.h */ = {isa = PBXFileReference; fileEncoding = 4; lastKnownFileType = sourcecode.c.h; path = "UIView+MDCBorderedLabel.h"; sourceTree = "<group>"; };
		8A1FA5421B10074100FE4DEF /* UIView+MDCBorderedLabel.m */ = {isa = PBXFileReference; fileEncoding = 4; lastKnownFileType = sourcecode.c.objc; path = "UIView+MDCBorderedLabel.m"; sourceTree = "<group>"; };
		8A1FA5431B10074100FE4DEF /* MDCSwipeToChoose-Prefix.pch */ = {isa = PBXFileReference; fileEncoding = 4; lastKnownFileType = sourcecode.c.h; path = "MDCSwipeToChoose-Prefix.pch"; sourceTree = "<group>"; };
		8A1FA5451B10074100FE4DEF /* MDCSwipeToChoose.h */ = {isa = PBXFileReference; fileEncoding = 4; lastKnownFileType = sourcecode.c.h; path = MDCSwipeToChoose.h; sourceTree = "<group>"; };
		8A1FA5471B10074100FE4DEF /* MDCSwipeOptions.h */ = {isa = PBXFileReference; fileEncoding = 4; lastKnownFileType = sourcecode.c.h; path = MDCSwipeOptions.h; sourceTree = "<group>"; };
		8A1FA5481B10074100FE4DEF /* MDCSwipeOptions.m */ = {isa = PBXFileReference; fileEncoding = 4; lastKnownFileType = sourcecode.c.objc; path = MDCSwipeOptions.m; sourceTree = "<group>"; };
		8A1FA5491B10074100FE4DEF /* MDCSwipeToChooseViewOptions.h */ = {isa = PBXFileReference; fileEncoding = 4; lastKnownFileType = sourcecode.c.h; path = MDCSwipeToChooseViewOptions.h; sourceTree = "<group>"; };
		8A1FA54A1B10074100FE4DEF /* MDCSwipeToChooseViewOptions.m */ = {isa = PBXFileReference; fileEncoding = 4; lastKnownFileType = sourcecode.c.objc; path = MDCSwipeToChooseViewOptions.m; sourceTree = "<group>"; };
		8A1FA54C1B10074100FE4DEF /* MDCPanState.h */ = {isa = PBXFileReference; fileEncoding = 4; lastKnownFileType = sourcecode.c.h; path = MDCPanState.h; sourceTree = "<group>"; };
		8A1FA54D1B10074100FE4DEF /* MDCPanState.m */ = {isa = PBXFileReference; fileEncoding = 4; lastKnownFileType = sourcecode.c.objc; path = MDCPanState.m; sourceTree = "<group>"; };
		8A1FA54E1B10074100FE4DEF /* MDCSwipeDirection.h */ = {isa = PBXFileReference; fileEncoding = 4; lastKnownFileType = sourcecode.c.h; path = MDCSwipeDirection.h; sourceTree = "<group>"; };
		8A1FA54F1B10074100FE4DEF /* MDCSwipeResult.h */ = {isa = PBXFileReference; fileEncoding = 4; lastKnownFileType = sourcecode.c.h; path = MDCSwipeResult.h; sourceTree = "<group>"; };
		8A1FA5501B10074100FE4DEF /* MDCSwipeResult.m */ = {isa = PBXFileReference; fileEncoding = 4; lastKnownFileType = sourcecode.c.objc; path = MDCSwipeResult.m; sourceTree = "<group>"; };
		8A1FA5521B10074100FE4DEF /* MDCSwipeToChooseDelegate.h */ = {isa = PBXFileReference; fileEncoding = 4; lastKnownFileType = sourcecode.c.h; path = MDCSwipeToChooseDelegate.h; sourceTree = "<group>"; };
		8A1FA5531B10074100FE4DEF /* MDCSwipeToChooseView.h */ = {isa = PBXFileReference; fileEncoding = 4; lastKnownFileType = sourcecode.c.h; path = MDCSwipeToChooseView.h; sourceTree = "<group>"; };
		8A1FA5541B10074100FE4DEF /* MDCSwipeToChooseView.m */ = {isa = PBXFileReference; fileEncoding = 4; lastKnownFileType = sourcecode.c.objc; path = MDCSwipeToChooseView.m; sourceTree = "<group>"; };
		8A1FA5551B10074100FE4DEF /* UIView+MDCSwipeToChoose.h */ = {isa = PBXFileReference; fileEncoding = 4; lastKnownFileType = sourcecode.c.h; path = "UIView+MDCSwipeToChoose.h"; sourceTree = "<group>"; };
		8A1FA5561B10074100FE4DEF /* UIView+MDCSwipeToChoose.m */ = {isa = PBXFileReference; fileEncoding = 4; lastKnownFileType = sourcecode.c.objc; path = "UIView+MDCSwipeToChoose.m"; sourceTree = "<group>"; };
		8A1FA5611B10082300FE4DEF /* ATTinderViewController.xib */ = {isa = PBXFileReference; fileEncoding = 4; lastKnownFileType = file.xib; path = ATTinderViewController.xib; sourceTree = "<group>"; };
		8AB29E721B0F666D0033FC2F /* AdoptTaipei.app */ = {isa = PBXFileReference; explicitFileType = wrapper.application; includeInIndex = 0; path = AdoptTaipei.app; sourceTree = BUILT_PRODUCTS_DIR; };
		8AB29E761B0F666D0033FC2F /* Info.plist */ = {isa = PBXFileReference; lastKnownFileType = text.plist.xml; path = Info.plist; sourceTree = "<group>"; };
		8AB29E771B0F666D0033FC2F /* main.m */ = {isa = PBXFileReference; lastKnownFileType = sourcecode.c.objc; path = main.m; sourceTree = "<group>"; };
		8AB29E791B0F666D0033FC2F /* AppDelegate.h */ = {isa = PBXFileReference; lastKnownFileType = sourcecode.c.h; path = AppDelegate.h; sourceTree = "<group>"; };
		8AB29E7A1B0F666D0033FC2F /* AppDelegate.m */ = {isa = PBXFileReference; lastKnownFileType = sourcecode.c.objc; path = AppDelegate.m; sourceTree = "<group>"; };
		8AB29E801B0F666D0033FC2F /* Base */ = {isa = PBXFileReference; lastKnownFileType = file.storyboard; name = Base; path = Base.lproj/Main.storyboard; sourceTree = "<group>"; };
		8AB29E821B0F666D0033FC2F /* Images.xcassets */ = {isa = PBXFileReference; lastKnownFileType = folder.assetcatalog; path = Images.xcassets; sourceTree = "<group>"; };
		8AB29E851B0F666D0033FC2F /* Base */ = {isa = PBXFileReference; lastKnownFileType = file.xib; name = Base; path = Base.lproj/LaunchScreen.xib; sourceTree = "<group>"; };
		8AB29E8B1B0F666D0033FC2F /* AdoptTaipeiTests.xctest */ = {isa = PBXFileReference; explicitFileType = wrapper.cfbundle; includeInIndex = 0; path = AdoptTaipeiTests.xctest; sourceTree = BUILT_PRODUCTS_DIR; };
		8AB29E901B0F666D0033FC2F /* Info.plist */ = {isa = PBXFileReference; lastKnownFileType = text.plist.xml; path = Info.plist; sourceTree = "<group>"; };
		8AB29E911B0F666D0033FC2F /* AdoptTaipeiTests.m */ = {isa = PBXFileReference; lastKnownFileType = sourcecode.c.objc; path = AdoptTaipeiTests.m; sourceTree = "<group>"; };
/* End PBXFileReference section */

/* Begin PBXFrameworksBuildPhase section */
		8AB29E6F1B0F666D0033FC2F /* Frameworks */ = {
			isa = PBXFrameworksBuildPhase;
			buildActionMask = 2147483647;
			files = (
				8A1FA5271B0F938E00FE4DEF /* Social.framework in Frameworks */,
				8A1FA5251B0F938200FE4DEF /* Accounts.framework in Frameworks */,
				8A1FA5231B0F935B00FE4DEF /* libsqlite3.dylib in Frameworks */,
				8A1FA5211B0F935000FE4DEF /* libz.dylib in Frameworks */,
				8A1FA51F1B0F934900FE4DEF /* SystemConfiguration.framework in Frameworks */,
				8A1FA51D1B0F933E00FE4DEF /* StoreKit.framework in Frameworks */,
				8A1FA51B1B0F933400FE4DEF /* Security.framework in Frameworks */,
				8A1FA5191B0F932E00FE4DEF /* QuartzCore.framework in Frameworks */,
				8A1FA5171B0F932800FE4DEF /* MobileCoreServices.framework in Frameworks */,
				8A1FA5151B0F932100FE4DEF /* CoreLocation.framework in Frameworks */,
				8A1FA5131B0F931B00FE4DEF /* CoreGraphics.framework in Frameworks */,
				8A1FA5111B0F931400FE4DEF /* CFNetwork.framework in Frameworks */,
				8A1FA50F1B0F930E00FE4DEF /* AudioToolbox.framework in Frameworks */,
				8A1FA50D1B0F92F700FE4DEF /* ParseUI.framework in Frameworks */,
				8A1FA5091B0F92F700FE4DEF /* Parse.framework in Frameworks */,
				8A1FA50A1B0F92F700FE4DEF /* ParseCrashReporting.framework in Frameworks */,
				8A1FA50B1B0F92F700FE4DEF /* ParseFacebookUtils.framework in Frameworks */,
				8A1FA5081B0F92F700FE4DEF /* Bolts.framework in Frameworks */,
				8A1FA50C1B0F92F700FE4DEF /* ParseFacebookUtilsV4.framework in Frameworks */,
			);
			runOnlyForDeploymentPostprocessing = 0;
		};
		8AB29E881B0F666D0033FC2F /* Frameworks */ = {
			isa = PBXFrameworksBuildPhase;
			buildActionMask = 2147483647;
			files = (
			);
			runOnlyForDeploymentPostprocessing = 0;
		};
/* End PBXFrameworksBuildPhase section */

/* Begin PBXGroup section */
		8A1FA4111B0F754300FE4DEF /* Vendor */ = {
			isa = PBXGroup;
			children = (
				8A1FA5371B10074100FE4DEF /* MDCSwipeToChoose */,
				8A1FA5011B0F92F700FE4DEF /* parse-ios-sdk */,
				8A1FA47D1B0F776200FE4DEF /* Mantle */,
				8A1FA4A21B0F776200FE4DEF /* MBProgressHUD */,
				8A1FA4A51B0F776200FE4DEF /* SDWebImage */,
			);
			path = Vendor;
			sourceTree = "<group>";
		};
		8A1FA47D1B0F776200FE4DEF /* Mantle */ = {
			isa = PBXGroup;
			children = (
				8A1FA47E1B0F776200FE4DEF /* extobjc */,
				8A1FA4851B0F776200FE4DEF /* Mantle.h */,
				8A1FA4861B0F776200FE4DEF /* MTLJSONAdapter.h */,
				8A1FA4871B0F776200FE4DEF /* MTLJSONAdapter.m */,
				8A1FA4881B0F776200FE4DEF /* MTLModel+NSCoding.h */,
				8A1FA4891B0F776200FE4DEF /* MTLModel+NSCoding.m */,
				8A1FA48A1B0F776200FE4DEF /* MTLModel.h */,
				8A1FA48B1B0F776200FE4DEF /* MTLModel.m */,
				8A1FA48C1B0F776200FE4DEF /* MTLReflection.h */,
				8A1FA48D1B0F776200FE4DEF /* MTLReflection.m */,
				8A1FA48E1B0F776200FE4DEF /* MTLTransformerErrorHandling.h */,
				8A1FA48F1B0F776200FE4DEF /* MTLTransformerErrorHandling.m */,
				8A1FA4901B0F776200FE4DEF /* MTLValueTransformer.h */,
				8A1FA4911B0F776200FE4DEF /* MTLValueTransformer.m */,
				8A1FA4921B0F776200FE4DEF /* NSArray+MTLManipulationAdditions.h */,
				8A1FA4931B0F776200FE4DEF /* NSArray+MTLManipulationAdditions.m */,
				8A1FA4941B0F776200FE4DEF /* NSDictionary+MTLJSONKeyPath.h */,
				8A1FA4951B0F776200FE4DEF /* NSDictionary+MTLJSONKeyPath.m */,
				8A1FA4961B0F776200FE4DEF /* NSDictionary+MTLManipulationAdditions.h */,
				8A1FA4971B0F776200FE4DEF /* NSDictionary+MTLManipulationAdditions.m */,
				8A1FA4981B0F776200FE4DEF /* NSDictionary+MTLMappingAdditions.h */,
				8A1FA4991B0F776200FE4DEF /* NSDictionary+MTLMappingAdditions.m */,
				8A1FA49A1B0F776200FE4DEF /* NSError+MTLModelException.h */,
				8A1FA49B1B0F776200FE4DEF /* NSError+MTLModelException.m */,
				8A1FA49C1B0F776200FE4DEF /* NSObject+MTLComparisonAdditions.h */,
				8A1FA49D1B0F776200FE4DEF /* NSObject+MTLComparisonAdditions.m */,
				8A1FA49E1B0F776200FE4DEF /* NSValueTransformer+MTLInversionAdditions.h */,
				8A1FA49F1B0F776200FE4DEF /* NSValueTransformer+MTLInversionAdditions.m */,
				8A1FA4A01B0F776200FE4DEF /* NSValueTransformer+MTLPredefinedTransformerAdditions.h */,
				8A1FA4A11B0F776200FE4DEF /* NSValueTransformer+MTLPredefinedTransformerAdditions.m */,
			);
			path = Mantle;
			sourceTree = "<group>";
		};
		8A1FA47E1B0F776200FE4DEF /* extobjc */ = {
			isa = PBXGroup;
			children = (
				8A1FA47F1B0F776200FE4DEF /* EXTKeyPathCoding.h */,
				8A1FA4801B0F776200FE4DEF /* EXTRuntimeExtensions.h */,
				8A1FA4811B0F776200FE4DEF /* EXTRuntimeExtensions.m */,
				8A1FA4821B0F776200FE4DEF /* EXTScope.h */,
				8A1FA4831B0F776200FE4DEF /* EXTScope.m */,
				8A1FA4841B0F776200FE4DEF /* metamacros.h */,
			);
			path = extobjc;
			sourceTree = "<group>";
		};
		8A1FA4A21B0F776200FE4DEF /* MBProgressHUD */ = {
			isa = PBXGroup;
			children = (
				8A1FA4A31B0F776200FE4DEF /* MBProgressHUD.h */,
				8A1FA4A41B0F776200FE4DEF /* MBProgressHUD.m */,
			);
			path = MBProgressHUD;
			sourceTree = "<group>";
		};
		8A1FA4A51B0F776200FE4DEF /* SDWebImage */ = {
			isa = PBXGroup;
			children = (
				8A1FA4A61B0F776200FE4DEF /* MKAnnotationView+WebCache.h */,
				8A1FA4A71B0F776200FE4DEF /* MKAnnotationView+WebCache.m */,
				8A1FA4A81B0F776200FE4DEF /* NSData+ImageContentType.h */,
				8A1FA4A91B0F776200FE4DEF /* NSData+ImageContentType.m */,
				8A1FA4AA1B0F776200FE4DEF /* SDImageCache.h */,
				8A1FA4AB1B0F776200FE4DEF /* SDImageCache.m */,
				8A1FA4AC1B0F776200FE4DEF /* SDWebImageCompat.h */,
				8A1FA4AD1B0F776200FE4DEF /* SDWebImageCompat.m */,
				8A1FA4AE1B0F776200FE4DEF /* SDWebImageDecoder.h */,
				8A1FA4AF1B0F776200FE4DEF /* SDWebImageDecoder.m */,
				8A1FA4B01B0F776200FE4DEF /* SDWebImageDownloader.h */,
				8A1FA4B11B0F776200FE4DEF /* SDWebImageDownloader.m */,
				8A1FA4B21B0F776200FE4DEF /* SDWebImageDownloaderOperation.h */,
				8A1FA4B31B0F776200FE4DEF /* SDWebImageDownloaderOperation.m */,
				8A1FA4B41B0F776200FE4DEF /* SDWebImageManager.h */,
				8A1FA4B51B0F776200FE4DEF /* SDWebImageManager.m */,
				8A1FA4B61B0F776200FE4DEF /* SDWebImageOperation.h */,
				8A1FA4B71B0F776200FE4DEF /* SDWebImagePrefetcher.h */,
				8A1FA4B81B0F776200FE4DEF /* SDWebImagePrefetcher.m */,
				8A1FA4B91B0F776200FE4DEF /* UIButton+WebCache.h */,
				8A1FA4BA1B0F776200FE4DEF /* UIButton+WebCache.m */,
				8A1FA4BB1B0F776200FE4DEF /* UIImage+GIF.h */,
				8A1FA4BC1B0F776200FE4DEF /* UIImage+GIF.m */,
				8A1FA4BD1B0F776200FE4DEF /* UIImage+MultiFormat.h */,
				8A1FA4BE1B0F776200FE4DEF /* UIImage+MultiFormat.m */,
				8A1FA4BF1B0F776200FE4DEF /* UIImage+WebP.h */,
				8A1FA4C01B0F776200FE4DEF /* UIImage+WebP.m */,
				8A1FA4C11B0F776200FE4DEF /* UIImageView+HighlightedWebCache.h */,
				8A1FA4C21B0F776200FE4DEF /* UIImageView+HighlightedWebCache.m */,
				8A1FA4C31B0F776200FE4DEF /* UIImageView+WebCache.h */,
				8A1FA4C41B0F776200FE4DEF /* UIImageView+WebCache.m */,
				8A1FA4C51B0F776200FE4DEF /* UIView+WebCacheOperation.h */,
				8A1FA4C61B0F776200FE4DEF /* UIView+WebCacheOperation.m */,
			);
			path = SDWebImage;
			sourceTree = "<group>";
		};
		8A1FA4E91B0F78F000FE4DEF /* AdoptTaipeiSharedLibaray */ = {
			isa = PBXGroup;
			children = (
				8A1FA4EE1B0F790500FE4DEF /* DataModel */,
				8A1FA4EA1B0F78F000FE4DEF /* Extensions */,
			);
			path = AdoptTaipeiSharedLibaray;
			sourceTree = "<group>";
		};
		8A1FA4EA1B0F78F000FE4DEF /* Extensions */ = {
			isa = PBXGroup;
			children = (
				8A1FA4EB1B0F78F000FE4DEF /* NSDictionary+JSON.h */,
				8A1FA4EC1B0F78F000FE4DEF /* NSDictionary+JSON.m */,
			);
			path = Extensions;
			sourceTree = "<group>";
		};
		8A1FA4EE1B0F790500FE4DEF /* DataModel */ = {
			isa = PBXGroup;
			children = (
				8A1FA4F11B0F7A5200FE4DEF /* ATAnimal.h */,
				8A1FA4F21B0F7A5200FE4DEF /* ATAnimal.m */,
				8A1FA5291B0F956800FE4DEF /* ATParse.h */,
				8A1FA52A1B0F956800FE4DEF /* ATParse.m */,
			);
			path = DataModel;
			sourceTree = "<group>";
		};
		8A1FA4F41B0F845700FE4DEF /* ViewController */ = {
			isa = PBXGroup;
			children = (
				8A1FA4F51B0F848F00FE4DEF /* ATAnimalListViewController.h */,
				8A1FA4F61B0F848F00FE4DEF /* ATAnimalListViewController.m */,
				8A1FA4FE1B0F8E0400FE4DEF /* ATAnimalDetailViewController.h */,
				8A1FA4FF1B0F8E0400FE4DEF /* ATAnimalDetailViewController.m */,
				8A1FA5341B1006E600FE4DEF /* ATTinderViewController.h */,
				8A1FA5351B1006E600FE4DEF /* ATTinderViewController.m */,
				8A1FA5611B10082300FE4DEF /* ATTinderViewController.xib */,
			);
			path = ViewController;
			sourceTree = "<group>";
		};
		8A1FA4F81B0F84EB00FE4DEF /* Cell */ = {
			isa = PBXGroup;
			children = (
				8A1FA4F91B0F851F00FE4DEF /* ATAnimalViewCell.h */,
				8A1FA4FA1B0F851F00FE4DEF /* ATAnimalViewCell.m */,
				8A1FA4FB1B0F851F00FE4DEF /* ATAnimalViewCell.xib */,
			);
			path = Cell;
			sourceTree = "<group>";
		};
		8A1FA5011B0F92F700FE4DEF /* parse-ios-sdk */ = {
			isa = PBXGroup;
			children = (
				8A1FA5021B0F92F700FE4DEF /* Bolts.framework */,
				8A1FA5031B0F92F700FE4DEF /* Parse.framework */,
				8A1FA5041B0F92F700FE4DEF /* ParseCrashReporting.framework */,
				8A1FA5051B0F92F700FE4DEF /* ParseFacebookUtils.framework */,
				8A1FA5061B0F92F700FE4DEF /* ParseFacebookUtilsV4.framework */,
				8A1FA5071B0F92F700FE4DEF /* ParseUI.framework */,
			);
			path = "parse-ios-sdk";
			sourceTree = "<group>";
		};
		8A1FA5281B0F93CC00FE4DEF /* Frameworks */ = {
			isa = PBXGroup;
			children = (
				8A1FA5261B0F938E00FE4DEF /* Social.framework */,
				8A1FA5241B0F938200FE4DEF /* Accounts.framework */,
				8A1FA5221B0F935B00FE4DEF /* libsqlite3.dylib */,
				8A1FA5201B0F935000FE4DEF /* libz.dylib */,
				8A1FA51E1B0F934900FE4DEF /* SystemConfiguration.framework */,
				8A1FA51C1B0F933E00FE4DEF /* StoreKit.framework */,
				8A1FA51A1B0F933400FE4DEF /* Security.framework */,
				8A1FA5181B0F932E00FE4DEF /* QuartzCore.framework */,
				8A1FA5161B0F932800FE4DEF /* MobileCoreServices.framework */,
				8A1FA5141B0F932100FE4DEF /* CoreLocation.framework */,
				8A1FA5121B0F931B00FE4DEF /* CoreGraphics.framework */,
				8A1FA5101B0F931400FE4DEF /* CFNetwork.framework */,
				8A1FA50E1B0F930E00FE4DEF /* AudioToolbox.framework */,
			);
			name = Frameworks;
			sourceTree = "<group>";
		};
		8A1FA5371B10074100FE4DEF /* MDCSwipeToChoose */ = {
			isa = PBXGroup;
			children = (
				8A1FA5381B10074100FE4DEF /* Internal */,
				8A1FA5431B10074100FE4DEF /* MDCSwipeToChoose-Prefix.pch */,
				8A1FA5441B10074100FE4DEF /* Public */,
			);
			path = MDCSwipeToChoose;
			sourceTree = "<group>";
		};
		8A1FA5381B10074100FE4DEF /* Internal */ = {
			isa = PBXGroup;
			children = (
				8A1FA5391B10074100FE4DEF /* MDCGeometry.h */,
				8A1FA53A1B10074100FE4DEF /* MDCGeometry.m */,
				8A1FA53B1B10074100FE4DEF /* State */,
				8A1FA53E1B10074100FE4DEF /* UIColor+MDCRGB8Bit.h */,
				8A1FA53F1B10074100FE4DEF /* UIColor+MDCRGB8Bit.m */,
				8A1FA5401B10074100FE4DEF /* Views */,
			);
			path = Internal;
			sourceTree = "<group>";
		};
		8A1FA53B1B10074100FE4DEF /* State */ = {
			isa = PBXGroup;
			children = (
				8A1FA53C1B10074100FE4DEF /* MDCViewState.h */,
				8A1FA53D1B10074100FE4DEF /* MDCViewState.m */,
			);
			path = State;
			sourceTree = "<group>";
		};
		8A1FA5401B10074100FE4DEF /* Views */ = {
			isa = PBXGroup;
			children = (
				8A1FA5411B10074100FE4DEF /* UIView+MDCBorderedLabel.h */,
				8A1FA5421B10074100FE4DEF /* UIView+MDCBorderedLabel.m */,
			);
			path = Views;
			sourceTree = "<group>";
		};
		8A1FA5441B10074100FE4DEF /* Public */ = {
			isa = PBXGroup;
			children = (
				8A1FA5451B10074100FE4DEF /* MDCSwipeToChoose.h */,
				8A1FA5461B10074100FE4DEF /* Options */,
				8A1FA54B1B10074100FE4DEF /* State */,
				8A1FA5511B10074100FE4DEF /* Views */,
			);
			path = Public;
			sourceTree = "<group>";
		};
		8A1FA5461B10074100FE4DEF /* Options */ = {
			isa = PBXGroup;
			children = (
				8A1FA5471B10074100FE4DEF /* MDCSwipeOptions.h */,
				8A1FA5481B10074100FE4DEF /* MDCSwipeOptions.m */,
				8A1FA5491B10074100FE4DEF /* MDCSwipeToChooseViewOptions.h */,
				8A1FA54A1B10074100FE4DEF /* MDCSwipeToChooseViewOptions.m */,
			);
			path = Options;
			sourceTree = "<group>";
		};
		8A1FA54B1B10074100FE4DEF /* State */ = {
			isa = PBXGroup;
			children = (
				8A1FA54C1B10074100FE4DEF /* MDCPanState.h */,
				8A1FA54D1B10074100FE4DEF /* MDCPanState.m */,
				8A1FA54E1B10074100FE4DEF /* MDCSwipeDirection.h */,
				8A1FA54F1B10074100FE4DEF /* MDCSwipeResult.h */,
				8A1FA5501B10074100FE4DEF /* MDCSwipeResult.m */,
			);
			path = State;
			sourceTree = "<group>";
		};
		8A1FA5511B10074100FE4DEF /* Views */ = {
			isa = PBXGroup;
			children = (
				8A1FA5521B10074100FE4DEF /* MDCSwipeToChooseDelegate.h */,
				8A1FA5531B10074100FE4DEF /* MDCSwipeToChooseView.h */,
				8A1FA5541B10074100FE4DEF /* MDCSwipeToChooseView.m */,
				8A1FA5551B10074100FE4DEF /* UIView+MDCSwipeToChoose.h */,
				8A1FA5561B10074100FE4DEF /* UIView+MDCSwipeToChoose.m */,
			);
			path = Views;
			sourceTree = "<group>";
		};
		8AB29E691B0F666D0033FC2F = {
			isa = PBXGroup;
			children = (
				8A1FA5281B0F93CC00FE4DEF /* Frameworks */,
				8A1FA4E91B0F78F000FE4DEF /* AdoptTaipeiSharedLibaray */,
				8AB29E741B0F666D0033FC2F /* AdoptTaipei */,
				8AB29E8E1B0F666D0033FC2F /* AdoptTaipeiTests */,
				8AB29E731B0F666D0033FC2F /* Products */,
				8A1FA4111B0F754300FE4DEF /* Vendor */,
			);
			sourceTree = "<group>";
		};
		8AB29E731B0F666D0033FC2F /* Products */ = {
			isa = PBXGroup;
			children = (
				8AB29E721B0F666D0033FC2F /* AdoptTaipei.app */,
				8AB29E8B1B0F666D0033FC2F /* AdoptTaipeiTests.xctest */,
			);
			name = Products;
			sourceTree = "<group>";
		};
		8AB29E741B0F666D0033FC2F /* AdoptTaipei */ = {
			isa = PBXGroup;
			children = (
				8A1FA4F81B0F84EB00FE4DEF /* Cell */,
				8A1FA4F41B0F845700FE4DEF /* ViewController */,
				8AB29E791B0F666D0033FC2F /* AppDelegate.h */,
				8AB29E7A1B0F666D0033FC2F /* AppDelegate.m */,
				8AB29E7F1B0F666D0033FC2F /* Main.storyboard */,
				8AB29E821B0F666D0033FC2F /* Images.xcassets */,
				8AB29E841B0F666D0033FC2F /* LaunchScreen.xib */,
				8AB29E751B0F666D0033FC2F /* Supporting Files */,
			);
			path = AdoptTaipei;
			sourceTree = "<group>";
		};
		8AB29E751B0F666D0033FC2F /* Supporting Files */ = {
			isa = PBXGroup;
			children = (
				8A1FA4EF1B0F79FE00FE4DEF /* data.json */,
				8AB29E761B0F666D0033FC2F /* Info.plist */,
				8AB29E771B0F666D0033FC2F /* main.m */,
				8A1FA4E81B0F77A100FE4DEF /* AdoptTaipei-Prefix.pch */,
				8A1FA5301B0F978500FE4DEF /* devConfig.json */,
				8A1FA5311B0F978500FE4DEF /* ProConfig.json */,
			);
			name = "Supporting Files";
			sourceTree = "<group>";
		};
		8AB29E8E1B0F666D0033FC2F /* AdoptTaipeiTests */ = {
			isa = PBXGroup;
			children = (
				8AB29E911B0F666D0033FC2F /* AdoptTaipeiTests.m */,
				8AB29E8F1B0F666D0033FC2F /* Supporting Files */,
			);
			path = AdoptTaipeiTests;
			sourceTree = "<group>";
		};
		8AB29E8F1B0F666D0033FC2F /* Supporting Files */ = {
			isa = PBXGroup;
			children = (
				8AB29E901B0F666D0033FC2F /* Info.plist */,
			);
			name = "Supporting Files";
			sourceTree = "<group>";
		};
/* End PBXGroup section */

/* Begin PBXNativeTarget section */
		8AB29E711B0F666D0033FC2F /* AdoptTaipei */ = {
			isa = PBXNativeTarget;
			buildConfigurationList = 8AB29E951B0F666D0033FC2F /* Build configuration list for PBXNativeTarget "AdoptTaipei" */;
			buildPhases = (
				8AB29E6E1B0F666D0033FC2F /* Sources */,
				8AB29E6F1B0F666D0033FC2F /* Frameworks */,
				8AB29E701B0F666D0033FC2F /* Resources */,
			);
			buildRules = (
			);
			dependencies = (
			);
			name = AdoptTaipei;
			productName = AdoptTaipei;
			productReference = 8AB29E721B0F666D0033FC2F /* AdoptTaipei.app */;
			productType = "com.apple.product-type.application";
		};
		8AB29E8A1B0F666D0033FC2F /* AdoptTaipeiTests */ = {
			isa = PBXNativeTarget;
			buildConfigurationList = 8AB29E981B0F666D0033FC2F /* Build configuration list for PBXNativeTarget "AdoptTaipeiTests" */;
			buildPhases = (
				8AB29E871B0F666D0033FC2F /* Sources */,
				8AB29E881B0F666D0033FC2F /* Frameworks */,
				8AB29E891B0F666D0033FC2F /* Resources */,
			);
			buildRules = (
			);
			dependencies = (
				8AB29E8D1B0F666D0033FC2F /* PBXTargetDependency */,
			);
			name = AdoptTaipeiTests;
			productName = AdoptTaipeiTests;
			productReference = 8AB29E8B1B0F666D0033FC2F /* AdoptTaipeiTests.xctest */;
			productType = "com.apple.product-type.bundle.unit-test";
		};
/* End PBXNativeTarget section */

/* Begin PBXProject section */
		8AB29E6A1B0F666D0033FC2F /* Project object */ = {
			isa = PBXProject;
			attributes = {
				CLASSPREFIX = AT;
				LastUpgradeCheck = 0630;
				ORGANIZATIONNAME = Liyao;
				TargetAttributes = {
					8AB29E711B0F666D0033FC2F = {
						CreatedOnToolsVersion = 6.3.2;
					};
					8AB29E8A1B0F666D0033FC2F = {
						CreatedOnToolsVersion = 6.3.2;
						TestTargetID = 8AB29E711B0F666D0033FC2F;
					};
				};
			};
			buildConfigurationList = 8AB29E6D1B0F666D0033FC2F /* Build configuration list for PBXProject "AdoptTaipei" */;
			compatibilityVersion = "Xcode 3.2";
			developmentRegion = English;
			hasScannedForEncodings = 0;
			knownRegions = (
				en,
				Base,
			);
			mainGroup = 8AB29E691B0F666D0033FC2F;
			productRefGroup = 8AB29E731B0F666D0033FC2F /* Products */;
			projectDirPath = "";
			projectRoot = "";
			targets = (
				8AB29E711B0F666D0033FC2F /* AdoptTaipei */,
				8AB29E8A1B0F666D0033FC2F /* AdoptTaipeiTests */,
			);
		};
/* End PBXProject section */

/* Begin PBXResourcesBuildPhase section */
		8AB29E701B0F666D0033FC2F /* Resources */ = {
			isa = PBXResourcesBuildPhase;
			buildActionMask = 2147483647;
			files = (
				8A1FA4FD1B0F851F00FE4DEF /* ATAnimalViewCell.xib in Resources */,
				8AB29E811B0F666D0033FC2F /* Main.storyboard in Resources */,
				8AB29E861B0F666D0033FC2F /* LaunchScreen.xib in Resources */,
				8A1FA5321B0F978500FE4DEF /* devConfig.json in Resources */,
				8AB29E831B0F666D0033FC2F /* Images.xcassets in Resources */,
				8A1FA4F01B0F79FE00FE4DEF /* data.json in Resources */,
				8A1FA5621B10082300FE4DEF /* ATTinderViewController.xib in Resources */,
				8A1FA5331B0F978500FE4DEF /* ProConfig.json in Resources */,
			);
			runOnlyForDeploymentPostprocessing = 0;
		};
		8AB29E891B0F666D0033FC2F /* Resources */ = {
			isa = PBXResourcesBuildPhase;
			buildActionMask = 2147483647;
			files = (
			);
			runOnlyForDeploymentPostprocessing = 0;
		};
/* End PBXResourcesBuildPhase section */

/* Begin PBXSourcesBuildPhase section */
		8AB29E6E1B0F666D0033FC2F /* Sources */ = {
			isa = PBXSourcesBuildPhase;
			buildActionMask = 2147483647;
			files = (
				8A1FA4E51B0F776200FE4DEF /* UIImageView+HighlightedWebCache.m in Sources */,
				8A1FA4C81B0F776200FE4DEF /* EXTScope.m in Sources */,
				8A1FA5001B0F8E0400FE4DEF /* ATAnimalDetailViewController.m in Sources */,
				8A1FA4DF1B0F776200FE4DEF /* SDWebImageManager.m in Sources */,
				8A1FA4DB1B0F776200FE4DEF /* SDWebImageCompat.m in Sources */,
				8A1FA55A1B10074100FE4DEF /* UIView+MDCBorderedLabel.m in Sources */,
				8A1FA4E01B0F776200FE4DEF /* SDWebImagePrefetcher.m in Sources */,
				8A1FA4CF1B0F776200FE4DEF /* NSArray+MTLManipulationAdditions.m in Sources */,
				8A1FA4DA1B0F776200FE4DEF /* SDImageCache.m in Sources */,
				8A1FA4C91B0F776200FE4DEF /* MTLJSONAdapter.m in Sources */,
				8A1FA4E11B0F776200FE4DEF /* UIButton+WebCache.m in Sources */,
				8A1FA4CA1B0F776200FE4DEF /* MTLModel+NSCoding.m in Sources */,
				8A1FA4CC1B0F776200FE4DEF /* MTLReflection.m in Sources */,
				8A1FA4E41B0F776200FE4DEF /* UIImage+WebP.m in Sources */,
				8A1FA4F31B0F7A5200FE4DEF /* ATAnimal.m in Sources */,
				8A1FA55C1B10074100FE4DEF /* MDCSwipeToChooseViewOptions.m in Sources */,
				8A1FA4CB1B0F776200FE4DEF /* MTLModel.m in Sources */,
				8A1FA4ED1B0F78F000FE4DEF /* NSDictionary+JSON.m in Sources */,
				8A1FA4D71B0F776200FE4DEF /* MBProgressHUD.m in Sources */,
				8A1FA55D1B10074100FE4DEF /* MDCPanState.m in Sources */,
				8A1FA4FC1B0F851F00FE4DEF /* ATAnimalViewCell.m in Sources */,
				8A1FA5571B10074100FE4DEF /* MDCGeometry.m in Sources */,
				8A1FA55E1B10074100FE4DEF /* MDCSwipeResult.m in Sources */,
				8A1FA4E21B0F776200FE4DEF /* UIImage+GIF.m in Sources */,
				8A1FA5601B10074100FE4DEF /* UIView+MDCSwipeToChoose.m in Sources */,
				8A1FA4E71B0F776200FE4DEF /* UIView+WebCacheOperation.m in Sources */,
				8AB29E7B1B0F666D0033FC2F /* AppDelegate.m in Sources */,
				8A1FA4C71B0F776200FE4DEF /* EXTRuntimeExtensions.m in Sources */,
				8A1FA4E31B0F776200FE4DEF /* UIImage+MultiFormat.m in Sources */,
				8A1FA4F71B0F848F00FE4DEF /* ATAnimalListViewController.m in Sources */,
				8A1FA4DC1B0F776200FE4DEF /* SDWebImageDecoder.m in Sources */,
				8A1FA4D91B0F776200FE4DEF /* NSData+ImageContentType.m in Sources */,
				8A1FA4D31B0F776200FE4DEF /* NSError+MTLModelException.m in Sources */,
				8A1FA4DE1B0F776200FE4DEF /* SDWebImageDownloaderOperation.m in Sources */,
				8A1FA55B1B10074100FE4DEF /* MDCSwipeOptions.m in Sources */,
				8A1FA4D81B0F776200FE4DEF /* MKAnnotationView+WebCache.m in Sources */,
				8A1FA4D61B0F776200FE4DEF /* NSValueTransformer+MTLPredefinedTransformerAdditions.m in Sources */,
				8A1FA5361B1006E600FE4DEF /* ATTinderViewController.m in Sources */,
				8A1FA4D11B0F776200FE4DEF /* NSDictionary+MTLManipulationAdditions.m in Sources */,
				8A1FA4D21B0F776200FE4DEF /* NSDictionary+MTLMappingAdditions.m in Sources */,
				8A1FA4D51B0F776200FE4DEF /* NSValueTransformer+MTLInversionAdditions.m in Sources */,
				8A1FA4DD1B0F776200FE4DEF /* SDWebImageDownloader.m in Sources */,
				8A1FA4D41B0F776200FE4DEF /* NSObject+MTLComparisonAdditions.m in Sources */,
				8AB29E781B0F666D0033FC2F /* main.m in Sources */,
				8A1FA4CE1B0F776200FE4DEF /* MTLValueTransformer.m in Sources */,
				8A1FA5591B10074100FE4DEF /* UIColor+MDCRGB8Bit.m in Sources */,
				8A1FA4E61B0F776200FE4DEF /* UIImageView+WebCache.m in Sources */,
				8A1FA4CD1B0F776200FE4DEF /* MTLTransformerErrorHandling.m in Sources */,
				8A1FA5581B10074100FE4DEF /* MDCViewState.m in Sources */,
				8A1FA52B1B0F956800FE4DEF /* ATParse.m in Sources */,
				8A1FA4D01B0F776200FE4DEF /* NSDictionary+MTLJSONKeyPath.m in Sources */,
				8A1FA55F1B10074100FE4DEF /* MDCSwipeToChooseView.m in Sources */,
			);
			runOnlyForDeploymentPostprocessing = 0;
		};
		8AB29E871B0F666D0033FC2F /* Sources */ = {
			isa = PBXSourcesBuildPhase;
			buildActionMask = 2147483647;
			files = (
				8AB29E921B0F666D0033FC2F /* AdoptTaipeiTests.m in Sources */,
			);
			runOnlyForDeploymentPostprocessing = 0;
		};
/* End PBXSourcesBuildPhase section */

/* Begin PBXTargetDependency section */
		8AB29E8D1B0F666D0033FC2F /* PBXTargetDependency */ = {
			isa = PBXTargetDependency;
			target = 8AB29E711B0F666D0033FC2F /* AdoptTaipei */;
			targetProxy = 8AB29E8C1B0F666D0033FC2F /* PBXContainerItemProxy */;
		};
/* End PBXTargetDependency section */

/* Begin PBXVariantGroup section */
		8AB29E7F1B0F666D0033FC2F /* Main.storyboard */ = {
			isa = PBXVariantGroup;
			children = (
				8AB29E801B0F666D0033FC2F /* Base */,
			);
			name = Main.storyboard;
			sourceTree = "<group>";
		};
		8AB29E841B0F666D0033FC2F /* LaunchScreen.xib */ = {
			isa = PBXVariantGroup;
			children = (
				8AB29E851B0F666D0033FC2F /* Base */,
			);
			name = LaunchScreen.xib;
			sourceTree = "<group>";
		};
/* End PBXVariantGroup section */

/* Begin XCBuildConfiguration section */
		8AB29E931B0F666D0033FC2F /* Debug */ = {
			isa = XCBuildConfiguration;
			buildSettings = {
				ALWAYS_SEARCH_USER_PATHS = NO;
				CLANG_CXX_LANGUAGE_STANDARD = "gnu++0x";
				CLANG_CXX_LIBRARY = "libc++";
				CLANG_ENABLE_MODULES = YES;
				CLANG_ENABLE_OBJC_ARC = YES;
				CLANG_WARN_BOOL_CONVERSION = YES;
				CLANG_WARN_CONSTANT_CONVERSION = YES;
				CLANG_WARN_DIRECT_OBJC_ISA_USAGE = YES_ERROR;
				CLANG_WARN_EMPTY_BODY = YES;
				CLANG_WARN_ENUM_CONVERSION = YES;
				CLANG_WARN_INT_CONVERSION = YES;
				CLANG_WARN_OBJC_ROOT_CLASS = YES_ERROR;
				CLANG_WARN_UNREACHABLE_CODE = YES;
				CLANG_WARN__DUPLICATE_METHOD_MATCH = YES;
				"CODE_SIGN_IDENTITY[sdk=iphoneos*]" = "iPhone Developer";
				COPY_PHASE_STRIP = NO;
				DEBUG_INFORMATION_FORMAT = "dwarf-with-dsym";
				ENABLE_STRICT_OBJC_MSGSEND = YES;
				GCC_C_LANGUAGE_STANDARD = gnu99;
				GCC_DYNAMIC_NO_PIC = NO;
				GCC_NO_COMMON_BLOCKS = YES;
				GCC_OPTIMIZATION_LEVEL = 0;
				GCC_PREPROCESSOR_DEFINITIONS = (
					"DEBUG=1",
					"$(inherited)",
				);
				GCC_SYMBOLS_PRIVATE_EXTERN = NO;
				GCC_WARN_64_TO_32_BIT_CONVERSION = YES;
				GCC_WARN_ABOUT_RETURN_TYPE = YES_ERROR;
				GCC_WARN_UNDECLARED_SELECTOR = YES;
				GCC_WARN_UNINITIALIZED_AUTOS = YES_AGGRESSIVE;
				GCC_WARN_UNUSED_FUNCTION = YES;
				GCC_WARN_UNUSED_VARIABLE = YES;
				IPHONEOS_DEPLOYMENT_TARGET = 8.3;
				MTL_ENABLE_DEBUG_INFO = YES;
				ONLY_ACTIVE_ARCH = YES;
				SDKROOT = iphoneos;
				TARGETED_DEVICE_FAMILY = "1,2";
			};
			name = Debug;
		};
		8AB29E941B0F666D0033FC2F /* Release */ = {
			isa = XCBuildConfiguration;
			buildSettings = {
				ALWAYS_SEARCH_USER_PATHS = NO;
				CLANG_CXX_LANGUAGE_STANDARD = "gnu++0x";
				CLANG_CXX_LIBRARY = "libc++";
				CLANG_ENABLE_MODULES = YES;
				CLANG_ENABLE_OBJC_ARC = YES;
				CLANG_WARN_BOOL_CONVERSION = YES;
				CLANG_WARN_CONSTANT_CONVERSION = YES;
				CLANG_WARN_DIRECT_OBJC_ISA_USAGE = YES_ERROR;
				CLANG_WARN_EMPTY_BODY = YES;
				CLANG_WARN_ENUM_CONVERSION = YES;
				CLANG_WARN_INT_CONVERSION = YES;
				CLANG_WARN_OBJC_ROOT_CLASS = YES_ERROR;
				CLANG_WARN_UNREACHABLE_CODE = YES;
				CLANG_WARN__DUPLICATE_METHOD_MATCH = YES;
				"CODE_SIGN_IDENTITY[sdk=iphoneos*]" = "iPhone Developer";
				COPY_PHASE_STRIP = NO;
				DEBUG_INFORMATION_FORMAT = "dwarf-with-dsym";
				ENABLE_NS_ASSERTIONS = NO;
				ENABLE_STRICT_OBJC_MSGSEND = YES;
				GCC_C_LANGUAGE_STANDARD = gnu99;
				GCC_NO_COMMON_BLOCKS = YES;
				GCC_WARN_64_TO_32_BIT_CONVERSION = YES;
				GCC_WARN_ABOUT_RETURN_TYPE = YES_ERROR;
				GCC_WARN_UNDECLARED_SELECTOR = YES;
				GCC_WARN_UNINITIALIZED_AUTOS = YES_AGGRESSIVE;
				GCC_WARN_UNUSED_FUNCTION = YES;
				GCC_WARN_UNUSED_VARIABLE = YES;
				IPHONEOS_DEPLOYMENT_TARGET = 8.3;
				MTL_ENABLE_DEBUG_INFO = NO;
				SDKROOT = iphoneos;
				TARGETED_DEVICE_FAMILY = "1,2";
				VALIDATE_PRODUCT = YES;
			};
			name = Release;
		};
		8AB29E961B0F666D0033FC2F /* Debug */ = {
			isa = XCBuildConfiguration;
			buildSettings = {
				ASSETCATALOG_COMPILER_APPICON_NAME = AppIcon;
				FRAMEWORK_SEARCH_PATHS = (
					"$(inherited)",
					"$(PROJECT_DIR)/Vendor/parse-ios-sdk",
				);
				GCC_PREFIX_HEADER = "AdoptTaipei/AdoptTaipei-Prefix.pch";
				INFOPLIST_FILE = AdoptTaipei/Info.plist;
				LD_RUNPATH_SEARCH_PATHS = "$(inherited) @executable_path/Frameworks";
				LIBRARY_SEARCH_PATHS = "$(PROJECT_DIR)/Vendor/Mantle";
				OTHER_LDFLAGS = "";
				PRODUCT_NAME = "$(TARGET_NAME)";
			};
			name = Debug;
		};
		8AB29E971B0F666D0033FC2F /* Release */ = {
			isa = XCBuildConfiguration;
			buildSettings = {
				ASSETCATALOG_COMPILER_APPICON_NAME = AppIcon;
				FRAMEWORK_SEARCH_PATHS = (
					"$(inherited)",
					"$(PROJECT_DIR)/Vendor/parse-ios-sdk",
				);
				GCC_PREFIX_HEADER = "AdoptTaipei/AdoptTaipei-Prefix.pch";
				INFOPLIST_FILE = AdoptTaipei/Info.plist;
				LD_RUNPATH_SEARCH_PATHS = "$(inherited) @executable_path/Frameworks";
				LIBRARY_SEARCH_PATHS = "$(PROJECT_DIR)/Vendor/Mantle";
				OTHER_LDFLAGS = "";
				PRODUCT_NAME = "$(TARGET_NAME)";
			};
			name = Release;
		};
		8AB29E991B0F666D0033FC2F /* Debug */ = {
			isa = XCBuildConfiguration;
			buildSettings = {
				BUNDLE_LOADER = "$(TEST_HOST)";
				FRAMEWORK_SEARCH_PATHS = (
					"$(SDKROOT)/Developer/Library/Frameworks",
					"$(inherited)",
				);
				GCC_PREPROCESSOR_DEFINITIONS = (
					"DEBUG=1",
					"$(inherited)",
				);
				INFOPLIST_FILE = AdoptTaipeiTests/Info.plist;
				LD_RUNPATH_SEARCH_PATHS = "$(inherited) @executable_path/Frameworks @loader_path/Frameworks";
				PRODUCT_NAME = "$(TARGET_NAME)";
				TEST_HOST = "$(BUILT_PRODUCTS_DIR)/AdoptTaipei.app/AdoptTaipei";
			};
			name = Debug;
		};
		8AB29E9A1B0F666D0033FC2F /* Release */ = {
			isa = XCBuildConfiguration;
			buildSettings = {
				BUNDLE_LOADER = "$(TEST_HOST)";
				FRAMEWORK_SEARCH_PATHS = (
					"$(SDKROOT)/Developer/Library/Frameworks",
					"$(inherited)",
				);
				INFOPLIST_FILE = AdoptTaipeiTests/Info.plist;
				LD_RUNPATH_SEARCH_PATHS = "$(inherited) @executable_path/Frameworks @loader_path/Frameworks";
				PRODUCT_NAME = "$(TARGET_NAME)";
				TEST_HOST = "$(BUILT_PRODUCTS_DIR)/AdoptTaipei.app/AdoptTaipei";
			};
			name = Release;
		};
/* End XCBuildConfiguration section */

/* Begin XCConfigurationList section */
		8AB29E6D1B0F666D0033FC2F /* Build configuration list for PBXProject "AdoptTaipei" */ = {
			isa = XCConfigurationList;
			buildConfigurations = (
				8AB29E931B0F666D0033FC2F /* Debug */,
				8AB29E941B0F666D0033FC2F /* Release */,
			);
			defaultConfigurationIsVisible = 0;
			defaultConfigurationName = Release;
		};
		8AB29E951B0F666D0033FC2F /* Build configuration list for PBXNativeTarget "AdoptTaipei" */ = {
			isa = XCConfigurationList;
			buildConfigurations = (
				8AB29E961B0F666D0033FC2F /* Debug */,
				8AB29E971B0F666D0033FC2F /* Release */,
			);
			defaultConfigurationIsVisible = 0;
			defaultConfigurationName = Release;
		};
		8AB29E981B0F666D0033FC2F /* Build configuration list for PBXNativeTarget "AdoptTaipeiTests" */ = {
			isa = XCConfigurationList;
			buildConfigurations = (
				8AB29E991B0F666D0033FC2F /* Debug */,
				8AB29E9A1B0F666D0033FC2F /* Release */,
			);
			defaultConfigurationIsVisible = 0;
			defaultConfigurationName = Release;
		};
/* End XCConfigurationList section */
	};
	rootObject = 8AB29E6A1B0F666D0033FC2F /* Project object */;
}
